{
  "name": "scratchscraper",
  "version": "1.0.11",
  "lockfileVersion": 2,
  "requires": true,
  "packages": {
    "": {
      "name": "scratchscraper",
      "version": "1.0.11",
      "license": "ISC",
      "dependencies": {
        "scratchscraper": "^1.0.11"
      }
    },
    "node_modules/scratchscraper": {
      "version": "1.0.11",
      "resolved": "https://registry.npmjs.org/scratchscraper/-/scratchscraper-1.0.11.tgz",
      "integrity": "sha512-PfYkWVHXEzhjtiR9NgHNHOxFl8w7fKEn+oCKg+b8OKxxVPZh9jkY0WrrLCPUH6uazY9WAQXRV4HDr5pvP7G5fQ=="
    }
  },
  "dependencies": {
    "scratchscraper": {
      "version": "1.0.11",
      "resolved": "https://registry.npmjs.org/scratchscraper/-/scratchscraper-1.0.11.tgz",
      "integrity": "sha512-PfYkWVHXEzhjtiR9NgHNHOxFl8w7fKEn+oCKg+b8OKxxVPZh9jkY0WrrLCPUH6uazY9WAQXRV4HDr5pvP7G5fQ=="
    }
  }
}
